
Microsoft Visual Studio Solution File, Format Version 12.00
# Visual Studio 14
VisualStudioVersion = 14.0.25420.1
MinimumVisualStudioVersion = 10.0.40219.1
Project("{FAE04EC0-301F-11D3-BF4B-00C04F79EFBC}") = "SevenSuite.Web", "SevenSuite.Web\SevenSuite.Web.csproj", "{E7B8ABEC-39CC-47DE-A6EC-7C0514AC7283}"
EndProject
Project("{FAE04EC0-301F-11D3-BF4B-00C04F79EFBC}") = "SevenSuite.Entities", "SevenSuite.Entities\SevenSuite.Entities.csproj", "{95961749-E059-45F1-853F-7847A4EF61E4}"
EndProject
Project("{FAE04EC0-301F-11D3-BF4B-00C04F79EFBC}") = "SeventSuite.DAL", "SeventSuite.DAL\SeventSuite.DAL.csproj", "{5074151D-7AAB-46FD-A0B8-362AF8BBD475}"
EndProject
Project("{FAE04EC0-301F-11D3-BF4B-00C04F79EFBC}") = "SevenSuite.BLL", "SevenSuite.BLL\SevenSuite.BLL.csproj", "{DAC8CCBA-D902-4A0E-98A4-B138CA97FC94}"
EndProject
Project("{2150E333-8FDC-42A3-9474-1A3956D46DE8}") = "Common", "Common", "{91527875-7E2E-4297-ADDB-B5167B367353}"
	ProjectSection(SolutionItems) = preProject
		Script-db.sql = Script-db.sql
	EndProjectSection
EndProject
Global
	GlobalSection(SolutionConfigurationPlatforms) = preSolution
		Debug|Any CPU = Debug|Any CPU
		Release|Any CPU = Release|Any CPU
	EndGlobalSection
	GlobalSection(ProjectConfigurationPlatforms) = postSolution
		{E7B8ABEC-39CC-47DE-A6EC-7C0514AC7283}.Debug|Any CPU.ActiveCfg = Debug|Any CPU
		{E7B8ABEC-39CC-47DE-A6EC-7C0514AC7283}.Debug|Any CPU.Build.0 = Debug|Any CPU
		{E7B8ABEC-39CC-47DE-A6EC-7C0514AC7283}.Release|Any CPU.ActiveCfg = Release|Any CPU
		{E7B8ABEC-39CC-47DE-A6EC-7C0514AC7283}.Release|Any CPU.Build.0 = Release|Any CPU
		{95961749-E059-45F1-853F-7847A4EF61E4}.Debug|Any CPU.ActiveCfg = Debug|Any CPU
		{95961749-E059-45F1-853F-7847A4EF61E4}.Debug|Any CPU.Build.0 = Debug|Any CPU
		{95961749-E059-45F1-853F-7847A4EF61E4}.Release|Any CPU.ActiveCfg = Release|Any CPU
		{95961749-E059-45F1-853F-7847A4EF61E4}.Release|Any CPU.Build.0 = Release|Any CPU
		{5074151D-7AAB-46FD-A0B8-362AF8BBD475}.Debug|Any CPU.ActiveCfg = Debug|Any CPU
		{5074151D-7AAB-46FD-A0B8-362AF8BBD475}.Debug|Any CPU.Build.0 = Debug|Any CPU
		{5074151D-7AAB-46FD-A0B8-362AF8BBD475}.Release|Any CPU.ActiveCfg = Release|Any CPU
		{5074151D-7AAB-46FD-A0B8-362AF8BBD475}.Release|Any CPU.Build.0 = Release|Any CPU
		{DAC8CCBA-D902-4A0E-98A4-B138CA97FC94}.Debug|Any CPU.ActiveCfg = Debug|Any CPU
		{DAC8CCBA-D902-4A0E-98A4-B138CA97FC94}.Debug|Any CPU.Build.0 = Debug|Any CPU
		{DAC8CCBA-D902-4A0E-98A4-B138CA97FC94}.Release|Any CPU.ActiveCfg = Release|Any CPU
		{DAC8CCBA-D902-4A0E-98A4-B138CA97FC94}.Release|Any CPU.Build.0 = Release|Any CPU
	EndGlobalSection
	GlobalSection(SolutionProperties) = preSolution
		HideSolutionNode = FALSE
	EndGlobalSection
EndGlobal
